{
    "_meta": {
        "hash": {
            "sha256": "a7e67831ed63d75c6796de9ea0b05dca2aa592dc3b3d6075aecde1c3c5c151a9"
        },
        "pipfile-spec": 6,
        "requires": {
            "python_version": "3"
        },
        "sources": [
            {
                "name": "pypi",
                "url": "https://pypi.org/simple",
                "verify_ssl": true
            }
        ]
    },
    "default": {
        "cc1101": {
            "editable": true,
            "path": "."
        },
        "spidev": {
            "hashes": [
                "sha256:4314e52f573d95233c907f307558893313a8a606e197e77bb711526b0e179e80"
            ],
            "index": "pypi",
            "version": "==3.4"
        }
    },
    "develop": {
        "astroid": {
            "hashes": [
                "sha256:1e5a5011af2920c7c67a53f65d536d65bfa7116feeaf2354d8b94f29573bb0ce",
                "sha256:54c760ae8322ece1abd213057c4b5bba7c49818853fc901ef09719a60dbf9dec"
            ],
            "markers": "python_full_version >= '3.9.0'",
            "version": "==3.3.11"
        },
        "black": {
            "hashes": [
                "sha256:030b9759066a4ee5e5aca28c3c77f9c64789cdd4de8ac1df642c40b708be6171",
                "sha256:055e59b198df7ac0b7efca5ad7ff2516bca343276c466be72eb04a3bcc1f82d7",
                "sha256:0e519ecf93120f34243e6b0054db49c00a35f84f195d5bce7e9f5cfc578fc2da",
                "sha256:172b1dbff09f86ce6f4eb8edf9dede08b1fce58ba194c87d7a4f1a5aa2f5b3c2",
                "sha256:1e2978f6df243b155ef5fa7e558a43037c3079093ed5d10fd84c43900f2d8ecc",
                "sha256:33496d5cd1222ad73391352b4ae8da15253c5de89b93a80b3e2c8d9a19ec2666",
                "sha256:3b48735872ec535027d979e8dcb20bf4f70b5ac75a8ea99f127c106a7d7aba9f",
                "sha256:4b60580e829091e6f9238c848ea6750efed72140b91b048770b64e74fe04908b",
                "sha256:759e7ec1e050a15f89b770cefbf91ebee8917aac5c20483bc2d80a6c3a04df32",
                "sha256:8f0b18a02996a836cc9c9c78e5babec10930862827b1b724ddfe98ccf2f2fe4f",
                "sha256:95e8176dae143ba9097f351d174fdaf0ccd29efb414b362ae3fd72bf0f710717",
                "sha256:96c1c7cd856bba8e20094e36e0f948718dc688dba4a9d78c3adde52b9e6c2299",
                "sha256:a1ee0a0c330f7b5130ce0caed9936a904793576ef4d2b98c40835d6a65afa6a0",
                "sha256:a22f402b410566e2d1c950708c77ebf5ebd5d0d88a6a2e87c86d9fb48afa0d18",
                "sha256:a39337598244de4bae26475f77dda852ea00a93bd4c728e09eacd827ec929df0",
                "sha256:afebb7098bfbc70037a053b91ae8437c3857482d3a690fefc03e9ff7aa9a5fd3",
                "sha256:bacabb307dca5ebaf9c118d2d2f6903da0d62c9faa82bd21a33eecc319559355",
                "sha256:bce2e264d59c91e52d8000d507eb20a9aca4a778731a08cfff7e5ac4a4bb7096",
                "sha256:d9e6827d563a2c820772b32ce8a42828dc6790f095f441beef18f96aa6f8294e",
                "sha256:db8ea9917d6f8fc62abd90d944920d95e73c83a5ee3383493e35d271aca872e9",
                "sha256:ea0213189960bda9cf99be5b8c8ce66bb054af5e9e861249cd23471bd7b0b3ba",
                "sha256:f3df5f1bf91d36002b0a75389ca8663510cf0531cca8aa5c1ef695b46d98655f"
            ],
            "index": "pypi",
            "markers": "python_version >= '3.9'",
            "version": "==25.1.0"
        },
        "blinkcheck": {
            "hashes": [
                "sha256:d7bd7436ceaa89180dec18c939e6f41d608724970a6074a11d9888e3548e57c8",
                "sha256:f5fae1de475efe2e424229d86350578640879bd221185afd8beca13bb9338af2"
            ],
            "markers": "python_version >= '3.8'",
            "version": "==0.1.1"
        },
        "certifi": {
            "hashes": [
                "sha256:922820b53db7a7257ffbda3f597266d435245903d80737e34f8a45ff3e3230d8",
                "sha256:bec941d2aa8195e248a60b31ff9f0558284cf01a52591ceda73ea9afffd69fd9"
            ],
            "markers": "python_version >= '3.6'",
            "version": "==2024.8.30"
        },
        "charset-normalizer": {
            "hashes": [
                "sha256:0099d79bdfcf5c1f0c2c72f91516702ebf8b0b8ddd8905f97a8aecf49712c621",
                "sha256:0713f3adb9d03d49d365b70b84775d0a0d18e4ab08d12bc46baa6132ba78aaf6",
                "sha256:07afec21bbbbf8a5cc3651aa96b980afe2526e7f048fdfb7f1014d84acc8b6d8",
                "sha256:0b309d1747110feb25d7ed6b01afdec269c647d382c857ef4663bbe6ad95a912",
                "sha256:0d99dd8ff461990f12d6e42c7347fd9ab2532fb70e9621ba520f9e8637161d7c",
                "sha256:0de7b687289d3c1b3e8660d0741874abe7888100efe14bd0f9fd7141bcbda92b",
                "sha256:1110e22af8ca26b90bd6364fe4c763329b0ebf1ee213ba32b68c73de5752323d",
                "sha256:130272c698667a982a5d0e626851ceff662565379baf0ff2cc58067b81d4f11d",
                "sha256:136815f06a3ae311fae551c3df1f998a1ebd01ddd424aa5603a4336997629e95",
                "sha256:14215b71a762336254351b00ec720a8e85cada43b987da5a042e4ce3e82bd68e",
                "sha256:1db4e7fefefd0f548d73e2e2e041f9df5c59e178b4c72fbac4cc6f535cfb1565",
                "sha256:1ffd9493de4c922f2a38c2bf62b831dcec90ac673ed1ca182fe11b4d8e9f2a64",
                "sha256:2006769bd1640bdf4d5641c69a3d63b71b81445473cac5ded39740a226fa88ab",
                "sha256:20587d20f557fe189b7947d8e7ec5afa110ccf72a3128d61a2a387c3313f46be",
                "sha256:223217c3d4f82c3ac5e29032b3f1c2eb0fb591b72161f86d93f5719079dae93e",
                "sha256:27623ba66c183eca01bf9ff833875b459cad267aeeb044477fedac35e19ba907",
                "sha256:285e96d9d53422efc0d7a17c60e59f37fbf3dfa942073f666db4ac71e8d726d0",
                "sha256:2de62e8801ddfff069cd5c504ce3bc9672b23266597d4e4f50eda28846c322f2",
                "sha256:2f6c34da58ea9c1a9515621f4d9ac379871a8f21168ba1b5e09d74250de5ad62",
                "sha256:309a7de0a0ff3040acaebb35ec45d18db4b28232f21998851cfa709eeff49d62",
                "sha256:35c404d74c2926d0287fbd63ed5d27eb911eb9e4a3bb2c6d294f3cfd4a9e0c23",
                "sha256:3710a9751938947e6327ea9f3ea6332a09bf0ba0c09cae9cb1f250bd1f1549bc",
                "sha256:3d59d125ffbd6d552765510e3f31ed75ebac2c7470c7274195b9161a32350284",
                "sha256:40d3ff7fc90b98c637bda91c89d51264a3dcf210cade3a2c6f838c7268d7a4ca",
                "sha256:425c5f215d0eecee9a56cdb703203dda90423247421bf0d67125add85d0c4455",
                "sha256:43193c5cda5d612f247172016c4bb71251c784d7a4d9314677186a838ad34858",
                "sha256:44aeb140295a2f0659e113b31cfe92c9061622cadbc9e2a2f7b8ef6b1e29ef4b",
                "sha256:47334db71978b23ebcf3c0f9f5ee98b8d65992b65c9c4f2d34c2eaf5bcaf0594",
                "sha256:4796efc4faf6b53a18e3d46343535caed491776a22af773f366534056c4e1fbc",
                "sha256:4a51b48f42d9358460b78725283f04bddaf44a9358197b889657deba38f329db",
                "sha256:4b67fdab07fdd3c10bb21edab3cbfe8cf5696f453afce75d815d9d7223fbe88b",
                "sha256:4ec9dd88a5b71abfc74e9df5ebe7921c35cbb3b641181a531ca65cdb5e8e4dea",
                "sha256:4f9fc98dad6c2eaa32fc3af1417d95b5e3d08aff968df0cd320066def971f9a6",
                "sha256:54b6a92d009cbe2fb11054ba694bc9e284dad30a26757b1e372a1fdddaf21920",
                "sha256:55f56e2ebd4e3bc50442fbc0888c9d8c94e4e06a933804e2af3e89e2f9c1c749",
                "sha256:5726cf76c982532c1863fb64d8c6dd0e4c90b6ece9feb06c9f202417a31f7dd7",
                "sha256:5d447056e2ca60382d460a604b6302d8db69476fd2015c81e7c35417cfabe4cd",
                "sha256:5ed2e36c3e9b4f21dd9422f6893dec0abf2cca553af509b10cd630f878d3eb99",
                "sha256:5ff2ed8194587faf56555927b3aa10e6fb69d931e33953943bc4f837dfee2242",
                "sha256:62f60aebecfc7f4b82e3f639a7d1433a20ec32824db2199a11ad4f5e146ef5ee",
                "sha256:63bc5c4ae26e4bc6be6469943b8253c0fd4e4186c43ad46e713ea61a0ba49129",
                "sha256:6b40e8d38afe634559e398cc32b1472f376a4099c75fe6299ae607e404c033b2",
                "sha256:6b493a043635eb376e50eedf7818f2f322eabbaa974e948bd8bdd29eb7ef2a51",
                "sha256:6dba5d19c4dfab08e58d5b36304b3f92f3bd5d42c1a3fa37b5ba5cdf6dfcbcee",
                "sha256:6fd30dc99682dc2c603c2b315bded2799019cea829f8bf57dc6b61efde6611c8",
                "sha256:707b82d19e65c9bd28b81dde95249b07bf9f5b90ebe1ef17d9b57473f8a64b7b",
                "sha256:7706f5850360ac01d80c89bcef1640683cc12ed87f42579dab6c5d3ed6888613",
                "sha256:7782afc9b6b42200f7362858f9e73b1f8316afb276d316336c0ec3bd73312742",
                "sha256:79983512b108e4a164b9c8d34de3992f76d48cadc9554c9e60b43f308988aabe",
                "sha256:7f683ddc7eedd742e2889d2bfb96d69573fde1d92fcb811979cdb7165bb9c7d3",
                "sha256:82357d85de703176b5587dbe6ade8ff67f9f69a41c0733cf2425378b49954de5",
                "sha256:84450ba661fb96e9fd67629b93d2941c871ca86fc38d835d19d4225ff946a631",
                "sha256:86f4e8cca779080f66ff4f191a685ced73d2f72d50216f7112185dc02b90b9b7",
                "sha256:8cda06946eac330cbe6598f77bb54e690b4ca93f593dee1568ad22b04f347c15",
                "sha256:8ce7fd6767a1cc5a92a639b391891bf1c268b03ec7e021c7d6d902285259685c",
                "sha256:8ff4e7cdfdb1ab5698e675ca622e72d58a6fa2a8aa58195de0c0061288e6e3ea",
                "sha256:9289fd5dddcf57bab41d044f1756550f9e7cf0c8e373b8cdf0ce8773dc4bd417",
                "sha256:92a7e36b000bf022ef3dbb9c46bfe2d52c047d5e3f3343f43204263c5addc250",
                "sha256:92db3c28b5b2a273346bebb24857fda45601aef6ae1c011c0a997106581e8a88",
                "sha256:95c3c157765b031331dd4db3c775e58deaee050a3042fcad72cbc4189d7c8dca",
                "sha256:980b4f289d1d90ca5efcf07958d3eb38ed9c0b7676bf2831a54d4f66f9c27dfa",
                "sha256:9ae4ef0b3f6b41bad6366fb0ea4fc1d7ed051528e113a60fa2a65a9abb5b1d99",
                "sha256:9c98230f5042f4945f957d006edccc2af1e03ed5e37ce7c373f00a5a4daa6149",
                "sha256:9fa2566ca27d67c86569e8c85297aaf413ffab85a8960500f12ea34ff98e4c41",
                "sha256:a14969b8691f7998e74663b77b4c36c0337cb1df552da83d5c9004a93afdb574",
                "sha256:a8aacce6e2e1edcb6ac625fb0f8c3a9570ccc7bfba1f63419b3769ccf6a00ed0",
                "sha256:a8e538f46104c815be19c975572d74afb53f29650ea2025bbfaef359d2de2f7f",
                "sha256:aa41e526a5d4a9dfcfbab0716c7e8a1b215abd3f3df5a45cf18a12721d31cb5d",
                "sha256:aa693779a8b50cd97570e5a0f343538a8dbd3e496fa5dcb87e29406ad0299654",
                "sha256:ab22fbd9765e6954bc0bcff24c25ff71dcbfdb185fcdaca49e81bac68fe724d3",
                "sha256:ab2e5bef076f5a235c3774b4f4028a680432cded7cad37bba0fd90d64b187d19",
                "sha256:ab973df98fc99ab39080bfb0eb3a925181454d7c3ac8a1e695fddfae696d9e90",
                "sha256:af73657b7a68211996527dbfeffbb0864e043d270580c5aef06dc4b659a4b578",
                "sha256:b197e7094f232959f8f20541ead1d9862ac5ebea1d58e9849c1bf979255dfac9",
                "sha256:b295729485b06c1a0683af02a9e42d2caa9db04a373dc38a6a58cdd1e8abddf1",
                "sha256:b8831399554b92b72af5932cdbbd4ddc55c55f631bb13ff8fe4e6536a06c5c51",
                "sha256:b8dcd239c743aa2f9c22ce674a145e0a25cb1566c495928440a181ca1ccf6719",
                "sha256:bcb4f8ea87d03bc51ad04add8ceaf9b0f085ac045ab4d74e73bbc2dc033f0236",
                "sha256:bd7af3717683bea4c87acd8c0d3d5b44d56120b26fd3f8a692bdd2d5260c620a",
                "sha256:bf4475b82be41b07cc5e5ff94810e6a01f276e37c2d55571e3fe175e467a1a1c",
                "sha256:c3e446d253bd88f6377260d07c895816ebf33ffffd56c1c792b13bff9c3e1ade",
                "sha256:c57516e58fd17d03ebe67e181a4e4e2ccab1168f8c2976c6a334d4f819fe5944",
                "sha256:c94057af19bc953643a33581844649a7fdab902624d2eb739738a30e2b3e60fc",
                "sha256:cab5d0b79d987c67f3b9e9c53f54a61360422a5a0bc075f43cab5621d530c3b6",
                "sha256:ce031db0408e487fd2775d745ce30a7cd2923667cf3b69d48d219f1d8f5ddeb6",
                "sha256:cee4373f4d3ad28f1ab6290684d8e2ebdb9e7a1b74fdc39e4c211995f77bec27",
                "sha256:d5b054862739d276e09928de37c79ddeec42a6e1bfc55863be96a36ba22926f6",
                "sha256:dbe03226baf438ac4fda9e2d0715022fd579cb641c4cf639fa40d53b2fe6f3e2",
                "sha256:dc15e99b2d8a656f8e666854404f1ba54765871104e50c8e9813af8a7db07f12",
                "sha256:dcaf7c1524c0542ee2fc82cc8ec337f7a9f7edee2532421ab200d2b920fc97cf",
                "sha256:dd4eda173a9fcccb5f2e2bd2a9f423d180194b1bf17cf59e3269899235b2a114",
                "sha256:dd9a8bd8900e65504a305bf8ae6fa9fbc66de94178c420791d0293702fce2df7",
                "sha256:de7376c29d95d6719048c194a9cf1a1b0393fbe8488a22008610b0361d834ecf",
                "sha256:e7fdd52961feb4c96507aa649550ec2a0d527c086d284749b2f582f2d40a2e0d",
                "sha256:e91f541a85298cf35433bf66f3fab2a4a2cff05c127eeca4af174f6d497f0d4b",
                "sha256:e9e3c4c9e1ed40ea53acf11e2a386383c3304212c965773704e4603d589343ed",
                "sha256:ee803480535c44e7f5ad00788526da7d85525cfefaf8acf8ab9a310000be4b03",
                "sha256:f09cb5a7bbe1ecae6e87901a2eb23e0256bb524a79ccc53eb0b7629fbe7677c4",
                "sha256:f19c1585933c82098c2a520f8ec1227f20e339e33aca8fa6f956f6691b784e67",
                "sha256:f1a2f519ae173b5b6a2c9d5fa3116ce16e48b3462c8b96dfdded11055e3d6365",
                "sha256:f28f891ccd15c514a0981f3b9db9aa23d62fe1a99997512b0491d2ed323d229a",
                "sha256:f3e73a4255342d4eb26ef6df01e3962e73aa29baa3124a8e824c5d3364a65748",
                "sha256:f606a1881d2663630ea5b8ce2efe2111740df4b687bd78b34a8131baa007f79b",
                "sha256:fe9f97feb71aa9896b81973a7bbada8c49501dc73e58a10fcef6663af95e5079",
                "sha256:ffc519621dce0c767e96b9c53f09c5d215578e10b02c285809f76509a3931482"
            ],
            "markers": "python_version >= '3.8' and python_full_version >= '3.7.0'",
            "version": "==3.4.0"
        },
        "click": {
            "hashes": [
                "sha256:63c132bbbed01578a06712a2d1f497bb62d9c1c0d329b7903a866228027263b2",
                "sha256:ed53c9d8990d83c2a27deae68e4ee337473f6330c040a31d4225c9574d16096a"
            ],
            "markers": "python_version >= '3.7'",
            "version": "==8.1.8"
        },
        "coverage": {
            "extras": [
                "toml"
            ],
            "hashes": [
                "sha256:073711de3181b2e204e4870ac83a7c4853115b42e9cd4d145f2231e12d670930",
                "sha256:081b98395ced0d9bcf60ada7661a0b75f36b78b9d7e39ea0790bb4ed8da14747",
                "sha256:0de434f4fbbe5af4fa7989521c655c8c779afb61c53ab561b64dcee6149e4c65",
                "sha256:0e93b1476b79eae849dc3872faeb0bf7948fd9ea34869590bc16a2a00b9c82a7",
                "sha256:0f3f56e4cb573755e96a16501a98bf211f100463d70275759e73f3cbc00d4f27",
                "sha256:0f7cb359a448e043c576f0da00aa8bfd796a01b06aa610ca453d4dde09cc1034",
                "sha256:10356fdd33a7cc06e8051413140bbdc6f972137508a3572e3f59f805cd2832fd",
                "sha256:137921f2bac5559334ba66122b753db6dc5d1cf01eb7b64eb412bb0d064ef35b",
                "sha256:160c00a5e6b6bdf4e5984b0ef21fc860bc94416c41b7df4d63f536d17c38902e",
                "sha256:2195f8e16ba1a44651ca684db2ea2b2d4b5345da12f07d9c22a395202a05b23c",
                "sha256:282b1b20f45df57cc508c1e033403f02283adfb67d4c9c35a90281d81e5c52c5",
                "sha256:28395ca3f71cd103b8c116333fa9db867f3a3e1ad6a084aa3725ae002b6583bc",
                "sha256:2904271c80898663c810a6b067920a61dd8d38341244a3605bd31ab55250dad5",
                "sha256:2b38261034fda87be356f2c3f42221fdb4171c3ce7658066ae449241485390d5",
                "sha256:2e4c33e6378b9d52d3454bd08847a8651f4ed23ddbb4a0520227bd346382bbc6",
                "sha256:388d80e56191bf846c485c14ae2bc8898aa3124d9d35903fef7d907780477634",
                "sha256:3e23dd5408fe71a356b41baa82892772a4cefcf758f2ca3383d2aa39e1b7a003",
                "sha256:3fb99d0786fe17b228eab663d16bee2288e8724d26a199c29325aac4b0319b9b",
                "sha256:441c357d55f4936875636ef2cfb3bee36e466dcf50df9afbd398ce79dba1ebb7",
                "sha256:4cec13817a651f8804a86e4f79d815b3b28472c910e099e4d5a0e8a3b6a1d4cb",
                "sha256:5aea98383463d6e1fa4e95416d8de66f2d0cb588774ee20ae1b28df826bcb619",
                "sha256:5b15a87265e96307482746d86995f4bff282f14b027db75469c446da6127433b",
                "sha256:5b2dd6059938063a2c9fee1af729d4f2af28fd1a545e9b7652861f0d752ebcea",
                "sha256:5e75e37f23eb144e78940b40395b42f2321951206a4f50e23cfd6e8a198d3ceb",
                "sha256:6008a021907be8c4c02f37cdc3ffb258493bdebfeaf9a839f9e71dfdc47b018e",
                "sha256:61c950fc33d29c91b9e18540e1aed7d9f6787cc870a3e4032493bbbe641d12fc",
                "sha256:628055297f3e2aa181464c3808402887643405573eb3d9de060d81531fa79d32",
                "sha256:675824a363cc05781b1527b39dc2587b8984965834a748177ee3c37b64ffeafb",
                "sha256:689920ecfd60f992cafca4f5477d55720466ad2c7fa29bb56ac8d44a1ac2b47a",
                "sha256:692d70ea725f471a547c305f0d0fc6a73480c62fb0da726370c088ab21aed282",
                "sha256:6937347c5d7d069ee776b2bf4e1212f912a9f1f141a429c475e6089462fcecc5",
                "sha256:6b3039e2ca459a70c79523d39347d83b73f2f06af5624905eba7ec34d64d80b5",
                "sha256:6e31b8155150c57e5ac43ccd289d079eb3f825187d7c66e755a055d2c85794c6",
                "sha256:70e7bfbd57126b5554aa482691145f798d7df77489a177a6bef80de78860a356",
                "sha256:752a3005a1ded28f2f3a6e8787e24f28d6abe176ca64677bcd8d53d6fe2ec08a",
                "sha256:7d79dabc0a56f5af990cc6da9ad1e40766e82773c075f09cc571e2076fef882e",
                "sha256:7eb68d356ba0cc158ca535ce1381dbf2037fa8cb5b1ae5ddfc302e7317d04144",
                "sha256:80b1695cf7c5ebe7b44bf2521221b9bb8cdf69b1f24231149a7e3eb1ae5fa2fb",
                "sha256:851430a9a361c7a8484a36126d1d0ff8d529d97385eacc8dfdc9bfc8c2d2cbe4",
                "sha256:856986eadf41f52b214176d894a7de05331117f6035a28ac0016c0f63d887629",
                "sha256:86b9b59f2b16e981906e9d6383eb6446d5b46c278460ae2c36487667717eccf1",
                "sha256:8953746d371e5695405806c46d705a3cd170b9cc2b9f93953ad838f6c1e58612",
                "sha256:8cdbe264f11afd69841bd8c0d83ca10b5b32853263ee62e6ac6a0ab63895f972",
                "sha256:8dd5af36092430c2b075cee966719898f2ae87b636cefb85a653f1d0ba5d5393",
                "sha256:8e0c38dc289e0508ef68ec95834cb5d2e96fdbe792eaccaa1bccac3966bbadcc",
                "sha256:90558c35af64971d65fbd935c32010f9a2f52776103a259f1dee865fe8259352",
                "sha256:90cb5b1a4670662719591aa92d0095bb41714970c0b065b02a2610172dbf0af6",
                "sha256:92be86fcb125e9bda0da7806afd29a3fd33fdf58fba5d60318399adf40bf37d0",
                "sha256:92c4ecf6bf11b2e85fd4d8204814dc26e6a19f0c9d938c207c5cb0eadfcabbe3",
                "sha256:95d91d7317cde40a1c249d6b7382750b7e6d86fad9d8eaf4fa3f8f44cf171e80",
                "sha256:961834e2f2b863a0e14260a9a273aff07ff7818ab6e66d2addf5628590c628f9",
                "sha256:9702b59d582ff1e184945d8b501ffdd08d2cee38d93a2206aa5f1365ce0b8d78",
                "sha256:98cede73eb83c31e2118ae8d379c12e3e42736903a8afcca92a7218e1f2903b0",
                "sha256:99c4283e2a0e147b9c9cc6bc9c96124de9419d6044837e9799763a0e29a7321a",
                "sha256:99e1a305c7765631d74b98bf7dbf54eeea931f975e80f115437d23848ee8c27c",
                "sha256:a517feaf3a0a3eca1ee985d8373135cfdedfbba3882a5eab4362bda7c7cf518d",
                "sha256:a80f7aef9535442bdcf562e5a0d5a5538ce8abe6bb209cfbf170c462ac2c2a32",
                "sha256:ac765b026c9f33044419cbba1da913cfb82cca1b60598ac1c7a5ed6aac4621a0",
                "sha256:acf36b8268785aad739443fa2780c16260ee3fa09d12b3a70f772ef100939d80",
                "sha256:adec1d980fa07e60b6ef865f9e5410ba760e4e1d26f60f7e5772c73b9a5b0713",
                "sha256:b0353b0f0850d49ada66fdd7d0c7cdb0f86b900bb9e367024fd14a60cecc1e27",
                "sha256:b37201ce4a458c7a758ecc4efa92fa8ed783c66e0fa3c42ae19fc454a0792153",
                "sha256:bf9a19f5012dab774628491659646335b1928cfc931bf8d97b0d5918dd58033c",
                "sha256:c61fc91ab80b23f5fddbee342d19662f3d3328173229caded831aa0bd7595460",
                "sha256:c68018e4fc4e14b5668f1353b41ccf4bc83ba355f0e1b3836861c6f042d89ac1",
                "sha256:c706db3cabb7ceef779de68270150665e710b46d56372455cd741184f3868d8f",
                "sha256:c83f6afb480eae0313114297d29d7c295670a41c11b274e6bca0c64540c1ce7b",
                "sha256:c8a3ec16e34ef980a46f60dc6ad86ec60f763c3f2fa0db6d261e6e754f72e945",
                "sha256:c9a8b7a34a4de3ed987f636f71881cd3b8339f61118b1aa311fbda12741bff0b",
                "sha256:cd4b2b0707fc55afa160cd5fc33b27ccbf75ca11d81f4ec9863d5793fc6df56a",
                "sha256:d6b9ae13d5d3e8aeca9ca94198aa7b3ebbc5acfada557d724f2a1f03d2c0b0df",
                "sha256:d8fd7879082953c156d5b13c74aa6cca37f6a6f4747b39538504c3f9c63d043d",
                "sha256:d9369a23186d189b2fc95cc08b8160ba242057e887d766864f7adf3c46b2df21",
                "sha256:db4a1d897bbbe7339946ffa2fe60c10cc81c43fab8b062d3fcb84188688174a4",
                "sha256:df4ec1f8540b0bcbe26ca7dd0f541847cc8a108b35596f9f91f59f0c060bfdd2",
                "sha256:e132b9152749bd33534e5bd8565c7576f135f157b4029b975e15ee184325f528",
                "sha256:e3fb1fa01d3598002777dd259c0c2e6d9d5e10e7222976fc8e03992f972a2cba",
                "sha256:e41be6f0f19da64af13403e52f2dec38bbc2937af54df8ecef10850ff8d35301",
                "sha256:ec98435796d2624d6905820a42f82149ee9fc4f2d45c2c5bc5a44481cc50db62",
                "sha256:efeda443000aa23f276f4df973cb82beca682fd800bb119d19e80504ffe53ec2",
                "sha256:f2a6a8e06bbda06f78739f40bfb56c45d14eb8249d0f0ea6d4b3d48e1f7c695d",
                "sha256:f32ff80e7ef6a5b5b606ea69a36e97b219cd9dc799bcf2963018a4d8f788cfbf",
                "sha256:f35ed9d945bece26553d5b4c8630453169672bea0050a564456eb88bdffd927e",
                "sha256:f644a3ae5933a552a29dbb9aa2f90c677a875f80ebea028e5a52a4f429044b90",
                "sha256:f863c08f4ff6b64fa8045b1e3da480f5374779ef187f07b82e0538c68cb4ff8e",
                "sha256:fc53ba868875bfbb66ee447d64d6413c2db91fddcfca57025a0e7ab5b07d5862",
                "sha256:ff8a991f70f4c0cf53088abf1e3886edcc87d53004c7bb94e78650b4d3dac3b5",
                "sha256:ffea0575345e9ee0144dfe5701aa17f3ba546f8c3bb48db62ae101afb740e7d6"
            ],
            "markers": "python_version >= '3.9'",
            "version": "==7.10.6"
        },
        "dill": {
            "hashes": [
                "sha256:0633f1d2df477324f53a895b02c901fb961bdbf65a17122586ea7019292cbcf0",
                "sha256:44f54bf6412c2c8464c14e8243eb163690a9800dbe2c367330883b19c7561049"
            ],
            "markers": "python_version >= '0' and python_version >= '0'",
            "version": "==0.4.0"
        },
        "exceptiongroup": {
            "hashes": [
                "sha256:097acd85d473d75af5bb98e41b61ff7fe35efe6675e4f9370ec6ec5126d160e9",
                "sha256:343280667a4585d195ca1cf9cef84a4e178c4b6cf2274caef9859782b567d5e3"
            ],
            "markers": "python_version < '3.11'",
            "version": "==1.1.3"
        },
        "idna": {
            "hashes": [
                "sha256:12f65c9b470abda6dc35cf8e63cc574b1c52b11df2c86030af0ac09b01b13ea9",
                "sha256:946d195a0d259cbba61165e88e65941f16e9b36ea6ddb97f00452bae8b1287d3"
            ],
            "markers": "python_version >= '3.6'",
            "version": "==3.10"
        },
        "iniconfig": {
            "hashes": [
                "sha256:3abbd2e30b36733fee78f9c7f7308f2d0050e88f0087fd25c2645f63c773e1c7",
                "sha256:9deba5723312380e77435581c6bf4935c94cbfab9b1ed33ef8d238ea168eb760"
            ],
            "markers": "python_version >= '3.8'",
            "version": "==2.1.0"
        },
        "isort": {
            "hashes": [
                "sha256:1cb5df28dfbc742e490c5e41bad6da41b805b0a8be7bc93cd0fb2a8a890ac450",
                "sha256:2dc5d7f65c9678d94c88dfc29161a320eec67328bc97aad576874cb4be1e9615"
            ],
            "markers": "python_full_version >= '3.9.0'",
            "version": "==6.0.1"
        },
        "mccabe": {
            "hashes": [
                "sha256:348e0240c33b60bbdf4e523192ef919f28cb2c3d7d5c7794f74009290f236325",
                "sha256:6c2d30ab6be0e4a46919781807b4f0d834ebdd6c6e3dca0bda5a15f863427b6e"
            ],
            "markers": "python_version >= '3.6'",
            "version": "==0.7.0"
        },
        "mypy": {
            "hashes": [
                "sha256:03b6d0ed2b188e35ee6d5c36b5580cffd6da23319991c49ab5556c023ccf1341",
                "sha256:064e2ff508e5464b4bd807a7c1625bc5047c5022b85c70f030680e18f37273a5",
                "sha256:099b9a5da47de9e2cb5165e581f158e854d9e19d2e96b6698c0d64de911dd849",
                "sha256:15a83369400454c41ed3a118e0cc58bd8123921a602f385cb6d6ea5df050c733",
                "sha256:15d54056f7fe7a826d897789f53dd6377ec2ea8ba6f776dc83c2902b899fee81",
                "sha256:1b16708a66d38abb1e6b5702f5c2c87e133289da36f6a1d15f6a5221085c6403",
                "sha256:209a58fed9987eccc20f2ca94afe7257a8f46eb5df1fb69958650973230f91e6",
                "sha256:25e01ec741ab5bb3eec8ba9cdb0f769230368a22c959c4937360efb89b7e9f01",
                "sha256:397fba5d7616a5bc60b45c7ed204717eaddc38f826e3645402c426057ead9a91",
                "sha256:3fbe6d5555bf608c47203baa3e72dbc6ec9965b3d7c318aa9a4ca76f465bd972",
                "sha256:43808d9476c36b927fbcd0b0255ce75efe1b68a080154a38ae68a7e62de8f0f8",
                "sha256:55b918670f692fc9fba55c3298d8a3beae295c5cded0a55dccdc5bbead814acd",
                "sha256:5d1092694f166a7e56c805caaf794e0585cabdbf1df36911c414e4e9abb62ae9",
                "sha256:62761474061feef6f720149d7ba876122007ddc64adff5ba6f374fda35a018a0",
                "sha256:665afab0963a4b39dff7c1fa563cc8b11ecff7910206db4b2e64dd1ba25aed19",
                "sha256:69e83ea6553a3ba79c08c6e15dbd9bfa912ec1e493bf75489ef93beb65209aeb",
                "sha256:70401bbabd2fa1aa7c43bb358f54037baf0586f41e83b0ae67dd0534fc64edfd",
                "sha256:79d44f9bfb004941ebb0abe8eff6504223a9c1ac51ef967d1263c6572bbebc99",
                "sha256:80ef5c058b7bce08c83cac668158cb7edea692e458d21098c7d3bce35a5d43e7",
                "sha256:89e972c0035e9e05823907ad5398c5a73b9f47a002b22359b177d40bdaee7056",
                "sha256:93378d3203a5c0800c6b6d850ad2f19f7a3cdf1a3701d3416dbf128805c6a6a7",
                "sha256:9a2b7d9180aed171f033c9f2fc6c204c1245cf60b0cb61cf2e7acc24eea78e0a",
                "sha256:9d6b20b97d373f41617bd0708fd46aa656059af57f2ef72aa8c7d6a2b73b74ed",
                "sha256:a76906f26bd8d51ea9504966a9c25419f2e668f012e0bdf3da4ea1526c534d94",
                "sha256:a9f52c0351c21fe24c21d8c0eb1f62967b262d6729393397b6f443c3b773c3b9",
                "sha256:ad37544be07c5d7fba814eb370e006df58fed8ad1ef33ed1649cb1889ba6ff58",
                "sha256:b01586eed696ec905e61bd2568f48740f7ac4a45b3a468e6423a03d3788a51a8",
                "sha256:c1fdf4abb29ed1cb091cf432979e162c208a5ac676ce35010373ff29247bcad5",
                "sha256:c49562d3d908fd49ed0938e5423daed8d407774a479b595b143a3d7f87cdae6a",
                "sha256:c4a580f8a70c69e4a75587bd925d298434057fe2a428faaf927ffe6e4b9a98df",
                "sha256:c837b896b37cd103570d776bda106eabb8737aa6dd4f248451aecf53030cdbeb",
                "sha256:d7598cf74c3e16539d4e2f0b8d8c318e00041553d83d4861f87c7a72e95ac24d",
                "sha256:dd86bb649299f09d987a2eebb4d52d10603224500792e1bee18303bbcc1ce390",
                "sha256:e79311f2d904ccb59787477b7bd5d26f3347789c06fcd7656fa500875290264b",
                "sha256:e92bdc656b7757c438660f775f872a669b8ff374edc4d18277d86b63edba6b8b",
                "sha256:fa6ffadfbe6994d724c5a1bb6123a7d27dd68fc9c059561cd33b664a79578e14",
                "sha256:feb8cc32d319edd5859da2cc084493b3e2ce5e49a946377663cc90f6c15fb259",
                "sha256:ff2933428516ab63f961644bc49bc4cbe42bbffb2cd3b71cc7277c07d16b1a8b"
            ],
            "index": "pypi",
            "markers": "python_version >= '3.9'",
            "version": "==1.17.1"
        },
        "mypy-extensions": {
            "hashes": [
                "sha256:1be4cccdb0f2482337c4743e60421de3a356cd97508abadd57d47403e94f5505",
                "sha256:52e68efc3284861e772bbcd66823fde5ae21fd2fdb51c62a211403730b916558"
            ],
            "markers": "python_version >= '3.8'",
            "version": "==1.1.0"
        },
        "packaging": {
            "hashes": [
                "sha256:29572ef2b1f17581046b3a2227d5c611fb25ec70ca1ba8554b24b0e69331a484",
                "sha256:d443872c98d677bf60f6a1f2f8c1cb748e8fe762d2bf9d3148b5599295b0fc4f"
            ],
            "markers": "python_version >= '3.8'",
            "version": "==25.0"
        },
        "pathspec": {
            "hashes": [
                "sha256:a0d503e138a4c123b27490a4f7beda6a01c6f288df0e4a8b79c7eb0dc7b4cc08",
                "sha256:a482d51503a1ab33b1c67a6c3813a26953dbdc71c31dacaef9a838c4e29f5712"
            ],
            "markers": "python_version >= '3.8'",
            "version": "==0.12.1"
        },
        "platformdirs": {
            "hashes": [
                "sha256:abd01743f24e5287cd7a5db3752faf1a2d65353f38ec26d98e25a6db65958c85",
                "sha256:ca753cf4d81dc309bc67b0ea38fd15dc97bc30ce419a7f58d13eb3bf14c4febf"
            ],
            "markers": "python_version >= '3.9'",
            "version": "==4.4.0"
        },
        "pluggy": {
            "hashes": [
                "sha256:7dcc130b76258d33b90f61b658791dede3486c3e6bfb003ee5c9bfb396dd22f3",
                "sha256:e920276dd6813095e9377c0bc5566d94c932c33b27a3e3945d8389c374dd4746"
            ],
            "markers": "python_version >= '3.9'",
            "version": "==1.6.0"
        },
        "pygments": {
            "hashes": [
                "sha256:636cb2477cec7f8952536970bc533bc43743542f70392ae026374600add5b887",
                "sha256:86540386c03d588bb81d44bc3928634ff26449851e99741617ecb9037ee5ec0b"
            ],
            "markers": "python_version >= '3.8'",
            "version": "==2.19.2"
        },
        "pylint": {
            "hashes": [
                "sha256:26698de19941363037e2937d3db9ed94fb3303fdadf7d98847875345a8bb6b05",
                "sha256:7ef94aa692a600e82fabdd17102b73fc226758218c97473c7ad67bd4cb905d83"
            ],
            "index": "pypi",
            "markers": "python_full_version >= '3.9.0'",
            "version": "==3.3.8"
        },
        "pytest": {
            "hashes": [
                "sha256:86c0d0b93306b961d58d62a4db4879f27fe25513d4b969df351abdddb3c30e01",
                "sha256:872f880de3fc3a5bdc88a11b39c9710c3497a547cfa9320bc3c5e62fbf272e79"
            ],
            "index": "pypi",
            "markers": "python_version >= '3.9'",
            "version": "==8.4.2"
        },
        "pytest-cov": {
            "hashes": [
                "sha256:33c97eda2e049a0c5298e91f519302a1334c26ac65c1a483d6206fd458361af1",
                "sha256:3b8e9558b16cc1479da72058bdecf8073661c7f57f7d3c5f22a1c23507f2d861"
            ],
            "index": "pypi",
            "markers": "python_version >= '3.9'",
            "version": "==7.0.0"
        },
        "requests": {
            "hashes": [
                "sha256:55365417734eb18255590a9ff9eb97e9e1da868d4ccd6402399eaf68af20a760",
                "sha256:70761cfe03c773ceb22aa2f671b4757976145175cdfca038c02654d061d6dcc6"
            ],
            "markers": "python_version >= '3.8'",
            "version": "==2.32.3"
        },
        "tomli": {
            "hashes": [
                "sha256:939de3e7a6161af0c887ef91b7d41a53e7c5a1ca976325f429cb46ea9bc30ecc",
                "sha256:de526c12914f0c550d15924c62d72abc48d6fe7364aa87328337a31007fe8a4f"
            ],
            "markers": "python_version < '3.11'",
            "version": "==2.0.1"
        },
        "tomlkit": {
            "hashes": [
                "sha256:430cf247ee57df2b94ee3fbe588e71d362a941ebb545dec29b53961d61add2a1",
                "sha256:c89c649d79ee40629a9fda55f8ace8c6a1b42deb912b2a8fd8d942ddadb606b0"
            ],
            "markers": "python_version >= '3.8'",
            "version": "==0.13.3"
        },
        "typing-extensions": {
            "hashes": [
                "sha256:38b39f4aeeab64884ce9f74c94263ef78f3c22467c8724005483154c26648d36",
                "sha256:d1e1e3b58374dc93031d6eda2420a48ea44a36c2b4766a4fdeb3710755731d76"
            ],
            "markers": "python_version >= '3.9'",
            "version": "==4.14.1"
        },
        "urllib3": {
            "hashes": [
                "sha256:ca899ca043dcb1bafa3e262d73aa25c465bfb49e0bd9dd5d59f1d0acba2f8fac",
                "sha256:e7d814a81dad81e6caf2ec9fdedb284ecc9c73076b62654547cc64ccdcae26e9"
            ],
            "markers": "python_version >= '3.8'",
            "version": "==2.2.3"
        }
    }
}
